
Microsoft Visual Studio Solution File, Format Version 12.00
# Visual Studio Version 17
VisualStudioVersion = 17.0.32014.148
MinimumVisualStudioVersion = 10.0.40219.1
Project("{FAE04EC0-301F-11D3-BF4B-00C04F79EFBC}") = "ExpressionTree", "ExpressionTree.csproj", "{DC626514-0917-4B0A-905C-6DA077882887}"
EndProject
Global
	GlobalSection(SolutionConfigurationPlatforms) = preSolution
		Debug|Any CPU = Debug|Any CPU
		Release|Any CPU = Release|Any CPU
	EndGlobalSection
	GlobalSection(ProjectConfigurationPlatforms) = postSolution
		{DC626514-0917-4B0A-905C-6DA077882887}.Debug|Any CPU.ActiveCfg = Debug|Any CPU
		{DC626514-0917-4B0A-905C-6DA077882887}.Debug|Any CPU.Build.0 = Debug|Any CPU
		{DC626514-0917-4B0A-905C-6DA077882887}.Release|Any CPU.ActiveCfg = Release|Any CPU
		{DC626514-0917-4B0A-905C-6DA077882887}.Release|Any CPU.Build.0 = Release|Any CPU
	EndGlobalSection
	GlobalSection(SolutionProperties) = preSolution
		HideSolutionNode = FALSE
	EndGlobalSection
	GlobalSection(ExtensibilityGlobals) = postSolution
		SolutionGuid = {D14AD080-927C-4112-97B8-310EA0986E4F}
	EndGlobalSection
EndGlobal
